
Microsoft Visual Studio Solution File, Format Version 12.00
# Visual Studio Version 17
VisualStudioVersion = 17.5.002.0
MinimumVisualStudioVersion = 10.0.40219.1
Project("{2150E333-8FDC-42A3-9474-1A3956D46DE8}") = "csharp-prep", "csharp-prep", "{B561F3A7-A4F5-40B2-8FC1-5BD5CED4856D}"
EndProject
Project("{9A19103F-16F7-4668-BE54-9A1E7A4F7556}") = "Prep1", "csharp-prep\Prep1\Prep1.csproj", "{B3A5E735-DC6D-4628-9043-8E5D798B7671}"
EndProject
Project("{9A19103F-16F7-4668-BE54-9A1E7A4F7556}") = "Prep2", "csharp-prep\Prep2\Prep2.csproj", "{1DF3E18B-7599-4A7C-96DA-619ED68FD5D5}"
EndProject
Project("{9A19103F-16F7-4668-BE54-9A1E7A4F7556}") = "Prep3", "csharp-prep\Prep3\Prep3.csproj", "{BC6B9627-E3F6-46A6-B243-7DA0E19F1010}"
EndProject
Project("{9A19103F-16F7-4668-BE54-9A1E7A4F7556}") = "Prep4", "csharp-prep\Prep4\Prep4.csproj", "{DC4F8004-5AB2-472F-826F-308033CEBB03}"
EndProject
Project("{9A19103F-16F7-4668-BE54-9A1E7A4F7556}") = "Prep5", "csharp-prep\Prep5\Prep5.csproj", "{ABCA4F4E-B555-4A45-B851-5914D2D853AB}"
EndProject
Project("{2150E333-8FDC-42A3-9474-1A3956D46DE8}") = "final", "final", "{180FC443-7346-4425-B223-22EBDA178F58}"
EndProject
Project("{9A19103F-16F7-4668-BE54-9A1E7A4F7556}") = "FinalProject", "final\FinalProject\FinalProject.csproj", "{BBD752FF-0DB5-4B81-882E-DF59DD92CF47}"
EndProject
Project("{9A19103F-16F7-4668-BE54-9A1E7A4F7556}") = "Foundation1", "final\Foundation1\Foundation1.csproj", "{86A49D07-4FD1-4469-8E10-4E53F7A4EC11}"
EndProject
Project("{9A19103F-16F7-4668-BE54-9A1E7A4F7556}") = "Foundation2", "final\Foundation2\Foundation2.csproj", "{CAA3E133-33D4-4A26-AEA8-E2A41CE3BD3B}"
EndProject
Project("{9A19103F-16F7-4668-BE54-9A1E7A4F7556}") = "Foundation3", "final\Foundation3\Foundation3.csproj", "{93C3EE1C-74AD-4DA8-8A45-2BFF969E96EE}"
EndProject
Project("{9A19103F-16F7-4668-BE54-9A1E7A4F7556}") = "Foundation4", "final\Foundation4\Foundation4.csproj", "{9B057999-F2CD-42DE-943B-40A454EFC20B}"
EndProject
Project("{2150E333-8FDC-42A3-9474-1A3956D46DE8}") = "prepare", "prepare", "{B311717C-AFFF-48D9-9A44-75DECE2577AE}"
EndProject
Project("{9A19103F-16F7-4668-BE54-9A1E7A4F7556}") = "Learning02", "prepare\Learning02\Learning02.csproj", "{5F58D00C-1294-47DF-85D9-09E408CBB256}"
EndProject
Project("{9A19103F-16F7-4668-BE54-9A1E7A4F7556}") = "Learning03", "prepare\Learning03\Learning03.csproj", "{EAC4324D-9B80-489F-BAD5-E35B32508C5A}"
EndProject
Project("{9A19103F-16F7-4668-BE54-9A1E7A4F7556}") = "Learning04", "prepare\Learning04\Learning04.csproj", "{014ED421-9E1A-4A01-BE45-627FB5C465CB}"
EndProject
Project("{9A19103F-16F7-4668-BE54-9A1E7A4F7556}") = "Learning05", "prepare\Learning05\Learning05.csproj", "{6E9FE548-6DB8-4541-A294-A281ADAEEF63}"
EndProject
Project("{2150E333-8FDC-42A3-9474-1A3956D46DE8}") = "prove", "prove", "{22336045-1709-4A20-89E7-71642C209F86}"
EndProject
Project("{9A19103F-16F7-4668-BE54-9A1E7A4F7556}") = "Develop02", "prove\Develop02\Develop02.csproj", "{4254D136-3EE8-48F6-9EA1-74A31D64DC71}"
EndProject
Project("{9A19103F-16F7-4668-BE54-9A1E7A4F7556}") = "Develop03", "prove\Develop03\Develop03.csproj", "{59577F93-7A37-4EDA-B152-53F99E886B8B}"
EndProject
Project("{9A19103F-16F7-4668-BE54-9A1E7A4F7556}") = "Develop04", "prove\Develop04\Develop04.csproj", "{84E47E2D-47B9-45BD-8246-8C4407628ADA}"
EndProject
Project("{9A19103F-16F7-4668-BE54-9A1E7A4F7556}") = "Develop05", "prove\Develop05\Develop05.csproj", "{3B23B984-839F-4F35-A00A-65A9631D5021}"
EndProject
Project("{2150E333-8FDC-42A3-9474-1A3956D46DE8}") = "sandbox", "sandbox", "{F71154AE-F3C2-446E-97BF-CCB348FF5DFF}"
EndProject
Project("{9A19103F-16F7-4668-BE54-9A1E7A4F7556}") = "Sandbox", "sandbox\Sandbox\Sandbox.csproj", "{A19925DA-9EAD-4626-B78D-B466516B4947}"
EndProject
Global
	GlobalSection(SolutionConfigurationPlatforms) = preSolution
		Debug|Any CPU = Debug|Any CPU
		Release|Any CPU = Release|Any CPU
	EndGlobalSection
	GlobalSection(ProjectConfigurationPlatforms) = postSolution
		{B3A5E735-DC6D-4628-9043-8E5D798B7671}.Debug|Any CPU.ActiveCfg = Debug|Any CPU
		{B3A5E735-DC6D-4628-9043-8E5D798B7671}.Debug|Any CPU.Build.0 = Debug|Any CPU
		{B3A5E735-DC6D-4628-9043-8E5D798B7671}.Release|Any CPU.ActiveCfg = Release|Any CPU
		{B3A5E735-DC6D-4628-9043-8E5D798B7671}.Release|Any CPU.Build.0 = Release|Any CPU
		{1DF3E18B-7599-4A7C-96DA-619ED68FD5D5}.Debug|Any CPU.ActiveCfg = Debug|Any CPU
		{1DF3E18B-7599-4A7C-96DA-619ED68FD5D5}.Debug|Any CPU.Build.0 = Debug|Any CPU
		{1DF3E18B-7599-4A7C-96DA-619ED68FD5D5}.Release|Any CPU.ActiveCfg = Release|Any CPU
		{1DF3E18B-7599-4A7C-96DA-619ED68FD5D5}.Release|Any CPU.Build.0 = Release|Any CPU
		{BC6B9627-E3F6-46A6-B243-7DA0E19F1010}.Debug|Any CPU.ActiveCfg = Debug|Any CPU
		{BC6B9627-E3F6-46A6-B243-7DA0E19F1010}.Debug|Any CPU.Build.0 = Debug|Any CPU
		{BC6B9627-E3F6-46A6-B243-7DA0E19F1010}.Release|Any CPU.ActiveCfg = Release|Any CPU
		{BC6B9627-E3F6-46A6-B243-7DA0E19F1010}.Release|Any CPU.Build.0 = Release|Any CPU
		{DC4F8004-5AB2-472F-826F-308033CEBB03}.Debug|Any CPU.ActiveCfg = Debug|Any CPU
		{DC4F8004-5AB2-472F-826F-308033CEBB03}.Debug|Any CPU.Build.0 = Debug|Any CPU
		{DC4F8004-5AB2-472F-826F-308033CEBB03}.Release|Any CPU.ActiveCfg = Release|Any CPU
		{DC4F8004-5AB2-472F-826F-308033CEBB03}.Release|Any CPU.Build.0 = Release|Any CPU
		{ABCA4F4E-B555-4A45-B851-5914D2D853AB}.Debug|Any CPU.ActiveCfg = Debug|Any CPU
		{ABCA4F4E-B555-4A45-B851-5914D2D853AB}.Debug|Any CPU.Build.0 = Debug|Any CPU
		{ABCA4F4E-B555-4A45-B851-5914D2D853AB}.Release|Any CPU.ActiveCfg = Release|Any CPU
		{ABCA4F4E-B555-4A45-B851-5914D2D853AB}.Release|Any CPU.Build.0 = Release|Any CPU
		{BBD752FF-0DB5-4B81-882E-DF59DD92CF47}.Debug|Any CPU.ActiveCfg = Debug|Any CPU
		{BBD752FF-0DB5-4B81-882E-DF59DD92CF47}.Debug|Any CPU.Build.0 = Debug|Any CPU
		{BBD752FF-0DB5-4B81-882E-DF59DD92CF47}.Release|Any CPU.ActiveCfg = Release|Any CPU
		{BBD752FF-0DB5-4B81-882E-DF59DD92CF47}.Release|Any CPU.Build.0 = Release|Any CPU
		{86A49D07-4FD1-4469-8E10-4E53F7A4EC11}.Debug|Any CPU.ActiveCfg = Debug|Any CPU
		{86A49D07-4FD1-4469-8E10-4E53F7A4EC11}.Debug|Any CPU.Build.0 = Debug|Any CPU
		{86A49D07-4FD1-4469-8E10-4E53F7A4EC11}.Release|Any CPU.ActiveCfg = Release|Any CPU
		{86A49D07-4FD1-4469-8E10-4E53F7A4EC11}.Release|Any CPU.Build.0 = Release|Any CPU
		{CAA3E133-33D4-4A26-AEA8-E2A41CE3BD3B}.Debug|Any CPU.ActiveCfg = Debug|Any CPU
		{CAA3E133-33D4-4A26-AEA8-E2A41CE3BD3B}.Debug|Any CPU.Build.0 = Debug|Any CPU
		{CAA3E133-33D4-4A26-AEA8-E2A41CE3BD3B}.Release|Any CPU.ActiveCfg = Release|Any CPU
		{CAA3E133-33D4-4A26-AEA8-E2A41CE3BD3B}.Release|Any CPU.Build.0 = Release|Any CPU
		{93C3EE1C-74AD-4DA8-8A45-2BFF969E96EE}.Debug|Any CPU.ActiveCfg = Debug|Any CPU
		{93C3EE1C-74AD-4DA8-8A45-2BFF969E96EE}.Debug|Any CPU.Build.0 = Debug|Any CPU
		{93C3EE1C-74AD-4DA8-8A45-2BFF969E96EE}.Release|Any CPU.ActiveCfg = Release|Any CPU
		{93C3EE1C-74AD-4DA8-8A45-2BFF969E96EE}.Release|Any CPU.Build.0 = Release|Any CPU
		{9B057999-F2CD-42DE-943B-40A454EFC20B}.Debug|Any CPU.ActiveCfg = Debug|Any CPU
		{9B057999-F2CD-42DE-943B-40A454EFC20B}.Debug|Any CPU.Build.0 = Debug|Any CPU
		{9B057999-F2CD-42DE-943B-40A454EFC20B}.Release|Any CPU.ActiveCfg = Release|Any CPU
		{9B057999-F2CD-42DE-943B-40A454EFC20B}.Release|Any CPU.Build.0 = Release|Any CPU
		{5F58D00C-1294-47DF-85D9-09E408CBB256}.Debug|Any CPU.ActiveCfg = Debug|Any CPU
		{5F58D00C-1294-47DF-85D9-09E408CBB256}.Debug|Any CPU.Build.0 = Debug|Any CPU
		{5F58D00C-1294-47DF-85D9-09E408CBB256}.Release|Any CPU.ActiveCfg = Release|Any CPU
		{5F58D00C-1294-47DF-85D9-09E408CBB256}.Release|Any CPU.Build.0 = Release|Any CPU
		{EAC4324D-9B80-489F-BAD5-E35B32508C5A}.Debug|Any CPU.ActiveCfg = Debug|Any CPU
		{EAC4324D-9B80-489F-BAD5-E35B32508C5A}.Debug|Any CPU.Build.0 = Debug|Any CPU
		{EAC4324D-9B80-489F-BAD5-E35B32508C5A}.Release|Any CPU.ActiveCfg = Release|Any CPU
		{EAC4324D-9B80-489F-BAD5-E35B32508C5A}.Release|Any CPU.Build.0 = Release|Any CPU
		{014ED421-9E1A-4A01-BE45-627FB5C465CB}.Debug|Any CPU.ActiveCfg = Debug|Any CPU
		{014ED421-9E1A-4A01-BE45-627FB5C465CB}.Debug|Any CPU.Build.0 = Debug|Any CPU
		{014ED421-9E1A-4A01-BE45-627FB5C465CB}.Release|Any CPU.ActiveCfg = Release|Any CPU
		{014ED421-9E1A-4A01-BE45-627FB5C465CB}.Release|Any CPU.Build.0 = Release|Any CPU
		{6E9FE548-6DB8-4541-A294-A281ADAEEF63}.Debug|Any CPU.ActiveCfg = Debug|Any CPU
		{6E9FE548-6DB8-4541-A294-A281ADAEEF63}.Debug|Any CPU.Build.0 = Debug|Any CPU
		{6E9FE548-6DB8-4541-A294-A281ADAEEF63}.Release|Any CPU.ActiveCfg = Release|Any CPU
		{6E9FE548-6DB8-4541-A294-A281ADAEEF63}.Release|Any CPU.Build.0 = Release|Any CPU
		{4254D136-3EE8-48F6-9EA1-74A31D64DC71}.Debug|Any CPU.ActiveCfg = Debug|Any CPU
		{4254D136-3EE8-48F6-9EA1-74A31D64DC71}.Debug|Any CPU.Build.0 = Debug|Any CPU
		{4254D136-3EE8-48F6-9EA1-74A31D64DC71}.Release|Any CPU.ActiveCfg = Release|Any CPU
		{4254D136-3EE8-48F6-9EA1-74A31D64DC71}.Release|Any CPU.Build.0 = Release|Any CPU
		{59577F93-7A37-4EDA-B152-53F99E886B8B}.Debug|Any CPU.ActiveCfg = Debug|Any CPU
		{59577F93-7A37-4EDA-B152-53F99E886B8B}.Debug|Any CPU.Build.0 = Debug|Any CPU
		{59577F93-7A37-4EDA-B152-53F99E886B8B}.Release|Any CPU.ActiveCfg = Release|Any CPU
		{59577F93-7A37-4EDA-B152-53F99E886B8B}.Release|Any CPU.Build.0 = Release|Any CPU
		{84E47E2D-47B9-45BD-8246-8C4407628ADA}.Debug|Any CPU.ActiveCfg = Debug|Any CPU
		{84E47E2D-47B9-45BD-8246-8C4407628ADA}.Debug|Any CPU.Build.0 = Debug|Any CPU
		{84E47E2D-47B9-45BD-8246-8C4407628ADA}.Release|Any CPU.ActiveCfg = Release|Any CPU
		{84E47E2D-47B9-45BD-8246-8C4407628ADA}.Release|Any CPU.Build.0 = Release|Any CPU
		{3B23B984-839F-4F35-A00A-65A9631D5021}.Debug|Any CPU.ActiveCfg = Debug|Any CPU
		{3B23B984-839F-4F35-A00A-65A9631D5021}.Debug|Any CPU.Build.0 = Debug|Any CPU
		{3B23B984-839F-4F35-A00A-65A9631D5021}.Release|Any CPU.ActiveCfg = Release|Any CPU
		{3B23B984-839F-4F35-A00A-65A9631D5021}.Release|Any CPU.Build.0 = Release|Any CPU
		{A19925DA-9EAD-4626-B78D-B466516B4947}.Debug|Any CPU.ActiveCfg = Debug|Any CPU
		{A19925DA-9EAD-4626-B78D-B466516B4947}.Debug|Any CPU.Build.0 = Debug|Any CPU
		{A19925DA-9EAD-4626-B78D-B466516B4947}.Release|Any CPU.ActiveCfg = Release|Any CPU
		{A19925DA-9EAD-4626-B78D-B466516B4947}.Release|Any CPU.Build.0 = Release|Any CPU
	EndGlobalSection
	GlobalSection(SolutionProperties) = preSolution
		HideSolutionNode = FALSE
	EndGlobalSection
	GlobalSection(NestedProjects) = preSolution
		{B3A5E735-DC6D-4628-9043-8E5D798B7671} = {B561F3A7-A4F5-40B2-8FC1-5BD5CED4856D}
		{1DF3E18B-7599-4A7C-96DA-619ED68FD5D5} = {B561F3A7-A4F5-40B2-8FC1-5BD5CED4856D}
		{BC6B9627-E3F6-46A6-B243-7DA0E19F1010} = {B561F3A7-A4F5-40B2-8FC1-5BD5CED4856D}
		{DC4F8004-5AB2-472F-826F-308033CEBB03} = {B561F3A7-A4F5-40B2-8FC1-5BD5CED4856D}
		{ABCA4F4E-B555-4A45-B851-5914D2D853AB} = {B561F3A7-A4F5-40B2-8FC1-5BD5CED4856D}
		{BBD752FF-0DB5-4B81-882E-DF59DD92CF47} = {180FC443-7346-4425-B223-22EBDA178F58}
		{86A49D07-4FD1-4469-8E10-4E53F7A4EC11} = {180FC443-7346-4425-B223-22EBDA178F58}
		{CAA3E133-33D4-4A26-AEA8-E2A41CE3BD3B} = {180FC443-7346-4425-B223-22EBDA178F58}
		{93C3EE1C-74AD-4DA8-8A45-2BFF969E96EE} = {180FC443-7346-4425-B223-22EBDA178F58}
		{9B057999-F2CD-42DE-943B-40A454EFC20B} = {180FC443-7346-4425-B223-22EBDA178F58}
		{5F58D00C-1294-47DF-85D9-09E408CBB256} = {B311717C-AFFF-48D9-9A44-75DECE2577AE}
		{EAC4324D-9B80-489F-BAD5-E35B32508C5A} = {B311717C-AFFF-48D9-9A44-75DECE2577AE}
		{014ED421-9E1A-4A01-BE45-627FB5C465CB} = {B311717C-AFFF-48D9-9A44-75DECE2577AE}
		{6E9FE548-6DB8-4541-A294-A281ADAEEF63} = {B311717C-AFFF-48D9-9A44-75DECE2577AE}
		{4254D136-3EE8-48F6-9EA1-74A31D64DC71} = {22336045-1709-4A20-89E7-71642C209F86}
		{59577F93-7A37-4EDA-B152-53F99E886B8B} = {22336045-1709-4A20-89E7-71642C209F86}
		{84E47E2D-47B9-45BD-8246-8C4407628ADA} = {22336045-1709-4A20-89E7-71642C209F86}
		{3B23B984-839F-4F35-A00A-65A9631D5021} = {22336045-1709-4A20-89E7-71642C209F86}
		{A19925DA-9EAD-4626-B78D-B466516B4947} = {F71154AE-F3C2-446E-97BF-CCB348FF5DFF}
	EndGlobalSection
	GlobalSection(ExtensibilityGlobals) = postSolution
		SolutionGuid = {2FD0935F-30AE-4774-85C1-FF4FEAF50238}
	EndGlobalSection
EndGlobal
